
Microsoft Visual Studio Solution File, Format Version 12.00
# Visual Studio Version 16
VisualStudioVersion = 16.0.31313.79
MinimumVisualStudioVersion = 10.0.40219.1
Project("{9A19103F-16F7-4668-BE54-9A1E7A4F7556}") = "Calculator", "Calculator\Calculator.csproj", "{2F8452DC-C8BF-4046-94C1-933F524EC899}"
EndProject
Project("{FAE04EC0-301F-11D3-BF4B-00C04F79EFBC}") = "Calculator.Test", "..\Calculator.Test\Calculator.Test.csproj", "{8D33E3E5-266F-4685-A09F-F6EF014ADF3D}"
EndProject
Global
	GlobalSection(SolutionConfigurationPlatforms) = preSolution
		Debug|Any CPU = Debug|Any CPU
		Release|Any CPU = Release|Any CPU
	EndGlobalSection
	GlobalSection(ProjectConfigurationPlatforms) = postSolution
		{2F8452DC-C8BF-4046-94C1-933F524EC899}.Debug|Any CPU.ActiveCfg = Debug|Any CPU
		{2F8452DC-C8BF-4046-94C1-933F524EC899}.Debug|Any CPU.Build.0 = Debug|Any CPU
		{2F8452DC-C8BF-4046-94C1-933F524EC899}.Release|Any CPU.ActiveCfg = Release|Any CPU
		{2F8452DC-C8BF-4046-94C1-933F524EC899}.Release|Any CPU.Build.0 = Release|Any CPU
		{8D33E3E5-266F-4685-A09F-F6EF014ADF3D}.Debug|Any CPU.ActiveCfg = Debug|Any CPU
		{8D33E3E5-266F-4685-A09F-F6EF014ADF3D}.Debug|Any CPU.Build.0 = Debug|Any CPU
		{8D33E3E5-266F-4685-A09F-F6EF014ADF3D}.Release|Any CPU.ActiveCfg = Release|Any CPU
		{8D33E3E5-266F-4685-A09F-F6EF014ADF3D}.Release|Any CPU.Build.0 = Release|Any CPU
	EndGlobalSection
	GlobalSection(SolutionProperties) = preSolution
		HideSolutionNode = FALSE
	EndGlobalSection
	GlobalSection(ExtensibilityGlobals) = postSolution
		SolutionGuid = {187DB4E3-CA03-4AB9-A825-BC7D23E027CD}
	EndGlobalSection
EndGlobal
